
Microsoft Visual Studio Solution File, Format Version 12.00
# Visual Studio Version 17
VisualStudioVersion = 17.3.32901.215
MinimumVisualStudioVersion = 10.0.40219.1
Project("{FAE04EC0-301F-11D3-BF4B-00C04F79EFBC}") = "MatrixCreator", "MatrixCreator\MatrixCreator.csproj", "{C66D0A69-FFCA-4F18-9EE8-E45D61AAAAB1}"
EndProject
Global
	GlobalSection(SolutionConfigurationPlatforms) = preSolution
		Debug|Any CPU = Debug|Any CPU
		Release|Any CPU = Release|Any CPU
	EndGlobalSection
	GlobalSection(ProjectConfigurationPlatforms) = postSolution
		{C66D0A69-FFCA-4F18-9EE8-E45D61AAAAB1}.Debug|Any CPU.ActiveCfg = Debug|Any CPU
		{C66D0A69-FFCA-4F18-9EE8-E45D61AAAAB1}.Debug|Any CPU.Build.0 = Debug|Any CPU
		{C66D0A69-FFCA-4F18-9EE8-E45D61AAAAB1}.Release|Any CPU.ActiveCfg = Release|Any CPU
		{C66D0A69-FFCA-4F18-9EE8-E45D61AAAAB1}.Release|Any CPU.Build.0 = Release|Any CPU
	EndGlobalSection
	GlobalSection(SolutionProperties) = preSolution
		HideSolutionNode = FALSE
	EndGlobalSection
	GlobalSection(ExtensibilityGlobals) = postSolution
		SolutionGuid = {12165D9F-B936-448D-982B-C89A716BE178}
	EndGlobalSection
EndGlobal
